
Microsoft Visual Studio Solution File, Format Version 12.00
# Visual Studio Version 17
VisualStudioVersion = 17.9.34723.18
MinimumVisualStudioVersion = 10.0.40219.1
Project("{C9674DCB-5085-4A16-B785-4C70DD1589BD}") = "Destiny", "Destiny.dtproj", "{AFEF9D42-9C92-4CCD-B90C-B69EAC71F6E6}"
EndProject
Global
	GlobalSection(SolutionConfigurationPlatforms) = preSolution
		Development|Default = Development|Default
	EndGlobalSection
	GlobalSection(ProjectConfigurationPlatforms) = postSolution
		{AFEF9D42-9C92-4CCD-B90C-B69EAC71F6E6}.Development|Default.ActiveCfg = Development
		{AFEF9D42-9C92-4CCD-B90C-B69EAC71F6E6}.Development|Default.Build.0 = Development
	EndGlobalSection
	GlobalSection(SolutionProperties) = preSolution
		HideSolutionNode = FALSE
	EndGlobalSection
	GlobalSection(ExtensibilityGlobals) = postSolution
		SolutionGuid = {30970EBC-C30C-4CC5-B0DE-6ABAF4402B6A}
	EndGlobalSection
EndGlobal
